// !$*UTF8*$!
{
	archiveVersion = 1;
	classes = {
	};
	objectVersion = 56;
	objects = {

/* Begin PBXBuildFile section */
		13C0964B29CB1FA90077198D /* LachkarZakariaCardsApp.swift in Sources */ = {isa = PBXBuildFile; fileRef = 13C0964A29CB1FA90077198D /* LachkarZakariaCardsApp.swift */; };
		13C0964D29CB1FA90077198D /* ContentView.swift in Sources */ = {isa = PBXBuildFile; fileRef = 13C0964C29CB1FA90077198D /* ContentView.swift */; };
		13C0964F29CB1FAB0077198D /* Assets.xcassets in Resources */ = {isa = PBXBuildFile; fileRef = 13C0964E29CB1FAB0077198D /* Assets.xcassets */; };
		13C0965229CB1FAB0077198D /* Preview Assets.xcassets in Resources */ = {isa = PBXBuildFile; fileRef = 13C0965129CB1FAB0077198D /* Preview Assets.xcassets */; };
		13C0965C29CB1FAB0077198D /* LachkarZakariaCardsTests.swift in Sources */ = {isa = PBXBuildFile; fileRef = 13C0965B29CB1FAB0077198D /* LachkarZakariaCardsTests.swift */; };
		13C0966629CB1FAB0077198D /* LachkarZakariaCardsUITests.swift in Sources */ = {isa = PBXBuildFile; fileRef = 13C0966529CB1FAB0077198D /* LachkarZakariaCardsUITests.swift */; };
		13C0966829CB1FAB0077198D /* LachkarZakariaCardsUITestsLaunchTests.swift in Sources */ = {isa = PBXBuildFile; fileRef = 13C0966729CB1FAB0077198D /* LachkarZakariaCardsUITestsLaunchTests.swift */; };
		13C0967529CB21E10077198D /* construc.swift in Sources */ = {isa = PBXBuildFile; fileRef = 13C0967429CB21E10077198D /* construc.swift */; };
		13C0967B29CB29490077198D /* Pacifico-Regular.ttf in Resources */ = {isa = PBXBuildFile; fileRef = 13C0967A29CB29490077198D /* Pacifico-Regular.ttf */; };
		13C0967C29CB29490077198D /* Pacifico-Regular.ttf in Resources */ = {isa = PBXBuildFile; fileRef = 13C0967A29CB29490077198D /* Pacifico-Regular.ttf */; };
		13C0967D29CB29490077198D /* Pacifico-Regular.ttf in Resources */ = {isa = PBXBuildFile; fileRef = 13C0967A29CB29490077198D /* Pacifico-Regular.ttf */; };
		13C0968129CB43F80077198D /* InfoView.swift in Sources */ = {isa = PBXBuildFile; fileRef = 13C0968029CB43F80077198D /* InfoView.swift */; };
/* End PBXBuildFile section */

/* Begin PBXContainerItemProxy section */
		13C0965829CB1FAB0077198D /* PBXContainerItemProxy */ = {
			isa = PBXContainerItemProxy;
			containerPortal = 13C0963F29CB1FA90077198D /* Project object */;
			proxyType = 1;
			remoteGlobalIDString = 13C0964629CB1FA90077198D;
			remoteInfo = LachkarZakariaCards;
		};
		13C0966229CB1FAB0077198D /* PBXContainerItemProxy */ = {
			isa = PBXContainerItemProxy;
			containerPortal = 13C0963F29CB1FA90077198D /* Project object */;
			proxyType = 1;
			remoteGlobalIDString = 13C0964629CB1FA90077198D;
			remoteInfo = LachkarZakariaCards;
		};
/* End PBXContainerItemProxy section */

/* Begin PBXFileReference section */
		13C0964729CB1FA90077198D /* LachkarZakariaCards.app */ = {isa = PBXFileReference; explicitFileType = wrapper.application; includeInIndex = 0; path = LachkarZakariaCards.app; sourceTree = BUILT_PRODUCTS_DIR; };
		13C0964A29CB1FA90077198D /* LachkarZakariaCardsApp.swift */ = {isa = PBXFileReference; lastKnownFileType = sourcecode.swift; path = LachkarZakariaCardsApp.swift; sourceTree = "<group>"; };
		13C0964C29CB1FA90077198D /* ContentView.swift */ = {isa = PBXFileReference; lastKnownFileType = sourcecode.swift; path = ContentView.swift; sourceTree = "<group>"; };
		13C0964E29CB1FAB0077198D /* Assets.xcassets */ = {isa = PBXFileReference; lastKnownFileType = folder.assetcatalog; path = Assets.xcassets; sourceTree = "<group>"; };
		13C0965129CB1FAB0077198D /* Preview Assets.xcassets */ = {isa = PBXFileReference; lastKnownFileType = folder.assetcatalog; path = "Preview Assets.xcassets"; sourceTree = "<group>"; };
		13C0965729CB1FAB0077198D /* LachkarZakariaCardsTests.xctest */ = {isa = PBXFileReference; explicitFileType = wrapper.cfbundle; includeInIndex = 0; path = LachkarZakariaCardsTests.xctest; sourceTree = BUILT_PRODUCTS_DIR; };
		13C0965B29CB1FAB0077198D /* LachkarZakariaCardsTests.swift */ = {isa = PBXFileReference; lastKnownFileType = sourcecode.swift; path = LachkarZakariaCardsTests.swift; sourceTree = "<group>"; };
		13C0966129CB1FAB0077198D /* LachkarZakariaCardsUITests.xctest */ = {isa = PBXFileReference; explicitFileType = wrapper.cfbundle; includeInIndex = 0; path = LachkarZakariaCardsUITests.xctest; sourceTree = BUILT_PRODUCTS_DIR; };
		13C0966529CB1FAB0077198D /* LachkarZakariaCardsUITests.swift */ = {isa = PBXFileReference; lastKnownFileType = sourcecode.swift; path = LachkarZakariaCardsUITests.swift; sourceTree = "<group>"; };
		13C0966729CB1FAB0077198D /* LachkarZakariaCardsUITestsLaunchTests.swift */ = {isa = PBXFileReference; lastKnownFileType = sourcecode.swift; path = LachkarZakariaCardsUITestsLaunchTests.swift; sourceTree = "<group>"; };
		13C0967429CB21E10077198D /* construc.swift */ = {isa = PBXFileReference; lastKnownFileType = sourcecode.swift; path = construc.swift; sourceTree = "<group>"; };
		13C0967829CB24940077198D /* Info.plist */ = {isa = PBXFileReference; lastKnownFileType = text.plist; path = Info.plist; sourceTree = "<group>"; };
		13C0967A29CB29490077198D /* Pacifico-Regular.ttf */ = {isa = PBXFileReference; lastKnownFileType = file; path = "Pacifico-Regular.ttf"; sourceTree = "<group>"; };
		13C0968029CB43F80077198D /* InfoView.swift */ = {isa = PBXFileReference; lastKnownFileType = sourcecode.swift; path = InfoView.swift; sourceTree = "<group>"; };
/* End PBXFileReference section */

/* Begin PBXFrameworksBuildPhase section */
		13C0964429CB1FA90077198D /* Frameworks */ = {
			isa = PBXFrameworksBuildPhase;
			buildActionMask = 2147483647;
			files = (
			);
			runOnlyForDeploymentPostprocessing = 0;
		};
		13C0965429CB1FAB0077198D /* Frameworks */ = {
			isa = PBXFrameworksBuildPhase;
			buildActionMask = 2147483647;
			files = (
			);
			runOnlyForDeploymentPostprocessing = 0;
		};
		13C0965E29CB1FAB0077198D /* Frameworks */ = {
			isa = PBXFrameworksBuildPhase;
			buildActionMask = 2147483647;
			files = (
			);
			runOnlyForDeploymentPostprocessing = 0;
		};
/* End PBXFrameworksBuildPhase section */

/* Begin PBXGroup section */
		13C0963E29CB1FA90077198D = {
			isa = PBXGroup;
			children = (
				13C0964929CB1FA90077198D /* LachkarZakariaCards */,
				13C0965A29CB1FAB0077198D /* LachkarZakariaCardsTests */,
				13C0966429CB1FAB0077198D /* LachkarZakariaCardsUITests */,
				13C0964829CB1FA90077198D /* Products */,
			);
			sourceTree = "<group>";
		};
		13C0964829CB1FA90077198D /* Products */ = {
			isa = PBXGroup;
			children = (
				13C0964729CB1FA90077198D /* LachkarZakariaCards.app */,
				13C0965729CB1FAB0077198D /* LachkarZakariaCardsTests.xctest */,
				13C0966129CB1FAB0077198D /* LachkarZakariaCardsUITests.xctest */,
			);
			name = Products;
			sourceTree = "<group>";
		};
		13C0964929CB1FA90077198D /* LachkarZakariaCards */ = {
			isa = PBXGroup;
			children = (
				13C0967929CB292B0077198D /* fonts */,
				13C0967829CB24940077198D /* Info.plist */,
				13C0964A29CB1FA90077198D /* LachkarZakariaCardsApp.swift */,
				13C0964C29CB1FA90077198D /* ContentView.swift */,
				13C0968029CB43F80077198D /* InfoView.swift */,
				13C0964E29CB1FAB0077198D /* Assets.xcassets */,
				13C0965029CB1FAB0077198D /* Preview Content */,
				13C0967429CB21E10077198D /* construc.swift */,
			);
			path = LachkarZakariaCards;
			sourceTree = "<group>";
		};
		13C0965029CB1FAB0077198D /* Preview Content */ = {
			isa = PBXGroup;
			children = (
				13C0965129CB1FAB0077198D /* Preview Assets.xcassets */,
			);
			path = "Preview Content";
			sourceTree = "<group>";
		};
		13C0965A29CB1FAB0077198D /* LachkarZakariaCardsTests */ = {
			isa = PBXGroup;
			children = (
				13C0965B29CB1FAB0077198D /* LachkarZakariaCardsTests.swift */,
			);
			path = LachkarZakariaCardsTests;
			sourceTree = "<group>";
		};
		13C0966429CB1FAB0077198D /* LachkarZakariaCardsUITests */ = {
			isa = PBXGroup;
			children = (
				13C0966529CB1FAB0077198D /* LachkarZakariaCardsUITests.swift */,
				13C0966729CB1FAB0077198D /* LachkarZakariaCardsUITestsLaunchTests.swift */,
			);
			path = LachkarZakariaCardsUITests;
			sourceTree = "<group>";
		};
		13C0967929CB292B0077198D /* fonts */ = {
			isa = PBXGroup;
			children = (
				13C0967A29CB29490077198D /* Pacifico-Regular.ttf */,
			);
			path = fonts;
			sourceTree = "<group>";
		};
/* End PBXGroup section */

/* Begin PBXNativeTarget section */
		13C0964629CB1FA90077198D /* LachkarZakariaCards */ = {
			isa = PBXNativeTarget;
			buildConfigurationList = 13C0966B29CB1FAB0077198D /* Build configuration list for PBXNativeTarget "LachkarZakariaCards" */;
			buildPhases = (
				13C0964329CB1FA90077198D /* Sources */,
				13C0964429CB1FA90077198D /* Frameworks */,
				13C0964529CB1FA90077198D /* Resources */,
			);
			buildRules = (
			);
			dependencies = (
			);
			name = LachkarZakariaCards;
			productName = LachkarZakariaCards;
			productReference = 13C0964729CB1FA90077198D /* LachkarZakariaCards.app */;
			productType = "com.apple.product-type.application";
		};
		13C0965629CB1FAB0077198D /* LachkarZakariaCardsTests */ = {
			isa = PBXNativeTarget;
			buildConfigurationList = 13C0966E29CB1FAB0077198D /* Build configuration list for PBXNativeTarget "LachkarZakariaCardsTests" */;
			buildPhases = (
				13C0965329CB1FAB0077198D /* Sources */,
				13C0965429CB1FAB0077198D /* Frameworks */,
				13C0965529CB1FAB0077198D /* Resources */,
			);
			buildRules = (
			);
			dependencies = (
				13C0965929CB1FAB0077198D /* PBXTargetDependency */,
			);
			name = LachkarZakariaCardsTests;
			productName = LachkarZakariaCardsTests;
			productReference = 13C0965729CB1FAB0077198D /* LachkarZakariaCardsTests.xctest */;
			productType = "com.apple.product-type.bundle.unit-test";
		};
		13C0966029CB1FAB0077198D /* LachkarZakariaCardsUITests */ = {
			isa = PBXNativeTarget;
			buildConfigurationList = 13C0967129CB1FAB0077198D /* Build configuration list for PBXNativeTarget "LachkarZakariaCardsUITests" */;
			buildPhases = (
				13C0965D29CB1FAB0077198D /* Sources */,
				13C0965E29CB1FAB0077198D /* Frameworks */,
				13C0965F29CB1FAB0077198D /* Resources */,
			);
			buildRules = (
			);
			dependencies = (
				13C0966329CB1FAB0077198D /* PBXTargetDependency */,
			);
			name = LachkarZakariaCardsUITests;
			productName = LachkarZakariaCardsUITests;
			productReference = 13C0966129CB1FAB0077198D /* LachkarZakariaCardsUITests.xctest */;
			productType = "com.apple.product-type.bundle.ui-testing";
		};
/* End PBXNativeTarget section */

/* Begin PBXProject section */
		13C0963F29CB1FA90077198D /* Project object */ = {
			isa = PBXProject;
			attributes = {
				BuildIndependentTargetsInParallel = 1;
				LastSwiftUpdateCheck = 1420;
				LastUpgradeCheck = 1420;
				TargetAttributes = {
					13C0964629CB1FA90077198D = {
						CreatedOnToolsVersion = 14.2;
					};
					13C0965629CB1FAB0077198D = {
						CreatedOnToolsVersion = 14.2;
						TestTargetID = 13C0964629CB1FA90077198D;
					};
					13C0966029CB1FAB0077198D = {
						CreatedOnToolsVersion = 14.2;
						TestTargetID = 13C0964629CB1FA90077198D;
					};
				};
			};
			buildConfigurationList = 13C0964229CB1FA90077198D /* Build configuration list for PBXProject "LachkarZakariaCards" */;
			compatibilityVersion = "Xcode 14.0";
			developmentRegion = en;
			hasScannedForEncodings = 0;
			knownRegions = (
				en,
				Base,
			);
			mainGroup = 13C0963E29CB1FA90077198D;
			productRefGroup = 13C0964829CB1FA90077198D /* Products */;
			projectDirPath = "";
			projectRoot = "";
			targets = (
				13C0964629CB1FA90077198D /* LachkarZakariaCards */,
				13C0965629CB1FAB0077198D /* LachkarZakariaCardsTests */,
				13C0966029CB1FAB0077198D /* LachkarZakariaCardsUITests */,
			);
		};
/* End PBXProject section */

/* Begin PBXResourcesBuildPhase section */
		13C0964529CB1FA90077198D /* Resources */ = {
			isa = PBXResourcesBuildPhase;
			buildActionMask = 2147483647;
			files = (
				13C0967B29CB29490077198D /* Pacifico-Regular.ttf in Resources */,
				13C0965229CB1FAB0077198D /* Preview Assets.xcassets in Resources */,
				13C0964F29CB1FAB0077198D /* Assets.xcassets in Resources */,
			);
			runOnlyForDeploymentPostprocessing = 0;
		};
		13C0965529CB1FAB0077198D /* Resources */ = {
			isa = PBXResourcesBuildPhase;
			buildActionMask = 2147483647;
			files = (
				13C0967C29CB29490077198D /* Pacifico-Regular.ttf in Resources */,
			);
			runOnlyForDeploymentPostprocessing = 0;
		};
		13C0965F29CB1FAB0077198D /* Resources */ = {
			isa = PBXResourcesBuildPhase;
			buildActionMask = 2147483647;
			files = (
				13C0967D29CB29490077198D /* Pacifico-Regular.ttf in Resources */,
			);
			runOnlyForDeploymentPostprocessing = 0;
		};
/* End PBXResourcesBuildPhase section */

/* Begin PBXSourcesBuildPhase section */
		13C0964329CB1FA90077198D /* Sources */ = {
			isa = PBXSourcesBuildPhase;
			buildActionMask = 2147483647;
			files = (
				13C0968129CB43F80077198D /* InfoView.swift in Sources */,
				13C0964D29CB1FA90077198D /* ContentView.swift in Sources */,
				13C0964B29CB1FA90077198D /* LachkarZakariaCardsApp.swift in Sources */,
				13C0967529CB21E10077198D /* construc.swift in Sources */,
			);
			runOnlyForDeploymentPostprocessing = 0;
		};
		13C0965329CB1FAB0077198D /* Sources */ = {
			isa = PBXSourcesBuildPhase;
			buildActionMask = 2147483647;
			files = (
				13C0965C29CB1FAB0077198D /* LachkarZakariaCardsTests.swift in Sources */,
			);
			runOnlyForDeploymentPostprocessing = 0;
		};
		13C0965D29CB1FAB0077198D /* Sources */ = {
			isa = PBXSourcesBuildPhase;
			buildActionMask = 2147483647;
			files = (
				13C0966629CB1FAB0077198D /* LachkarZakariaCardsUITests.swift in Sources */,
				13C0966829CB1FAB0077198D /* LachkarZakariaCardsUITestsLaunchTests.swift in Sources */,
			);
			runOnlyForDeploymentPostprocessing = 0;
		};
/* End PBXSourcesBuildPhase section */

/* Begin PBXTargetDependency section */
		13C0965929CB1FAB0077198D /* PBXTargetDependency */ = {
			isa = PBXTargetDependency;
			target = 13C0964629CB1FA90077198D /* LachkarZakariaCards */;
			targetProxy = 13C0965829CB1FAB0077198D /* PBXContainerItemProxy */;
		};
		13C0966329CB1FAB0077198D /* PBXTargetDependency */ = {
			isa = PBXTargetDependency;
			target = 13C0964629CB1FA90077198D /* LachkarZakariaCards */;
			targetProxy = 13C0966229CB1FAB0077198D /* PBXContainerItemProxy */;
		};
/* End PBXTargetDependency section */

/* Begin XCBuildConfiguration section */
		13C0966929CB1FAB0077198D /* Debug */ = {
			isa = XCBuildConfiguration;
			buildSettings = {
				ALWAYS_SEARCH_USER_PATHS = NO;
				CLANG_ANALYZER_NONNULL = YES;
				CLANG_ANALYZER_NUMBER_OBJECT_CONVERSION = YES_AGGRESSIVE;
				CLANG_CXX_LANGUAGE_STANDARD = "gnu++20";
				CLANG_ENABLE_MODULES = YES;
				CLANG_ENABLE_OBJC_ARC = YES;
				CLANG_ENABLE_OBJC_WEAK = YES;
				CLANG_WARN_BLOCK_CAPTURE_AUTORELEASING = YES;
				CLANG_WARN_BOOL_CONVERSION = YES;
				CLANG_WARN_COMMA = YES;
				CLANG_WARN_CONSTANT_CONVERSION = YES;
				CLANG_WARN_DEPRECATED_OBJC_IMPLEMENTATIONS = YES;
				CLANG_WARN_DIRECT_OBJC_ISA_USAGE = YES_ERROR;
				CLANG_WARN_DOCUMENTATION_COMMENTS = YES;
				CLANG_WARN_EMPTY_BODY = YES;
				CLANG_WARN_ENUM_CONVERSION = YES;
				CLANG_WARN_INFINITE_RECURSION = YES;
				CLANG_WARN_INT_CONVERSION = YES;
				CLANG_WARN_NON_LITERAL_NULL_CONVERSION = YES;
				CLANG_WARN_OBJC_IMPLICIT_RETAIN_SELF = YES;
				CLANG_WARN_OBJC_LITERAL_CONVERSION = YES;
				CLANG_WARN_OBJC_ROOT_CLASS = YES_ERROR;
				CLANG_WARN_QUOTED_INCLUDE_IN_FRAMEWORK_HEADER = YES;
				CLANG_WARN_RANGE_LOOP_ANALYSIS = YES;
				CLANG_WARN_STRICT_PROTOTYPES = YES;
				CLANG_WARN_SUSPICIOUS_MOVE = YES;
				CLANG_WARN_UNGUARDED_AVAILABILITY = YES_AGGRESSIVE;
				CLANG_WARN_UNREACHABLE_CODE = YES;
				CLANG_WARN__DUPLICATE_METHOD_MATCH = YES;
				COPY_PHASE_STRIP = NO;
				DEBUG_INFORMATION_FORMAT = dwarf;
				ENABLE_STRICT_OBJC_MSGSEND = YES;
				ENABLE_TESTABILITY = YES;
				GCC_C_LANGUAGE_STANDARD = gnu11;
				GCC_DYNAMIC_NO_PIC = NO;
				GCC_NO_COMMON_BLOCKS = YES;
				GCC_OPTIMIZATION_LEVEL = 0;
				GCC_PREPROCESSOR_DEFINITIONS = (
					"DEBUG=1",
					"$(inherited)",
				);
				GCC_WARN_64_TO_32_BIT_CONVERSION = YES;
				GCC_WARN_ABOUT_RETURN_TYPE = YES_ERROR;
				GCC_WARN_UNDECLARED_SELECTOR = YES;
				GCC_WARN_UNINITIALIZED_AUTOS = YES_AGGRESSIVE;
				GCC_WARN_UNUSED_FUNCTION = YES;
				GCC_WARN_UNUSED_VARIABLE = YES;
				IPHONEOS_DEPLOYMENT_TARGET = 16.2;
				MTL_ENABLE_DEBUG_INFO = INCLUDE_SOURCE;
				MTL_FAST_MATH = YES;
				NEW_SETTING = "";
				ONLY_ACTIVE_ARCH = YES;
				SDKROOT = iphoneos;
				SWIFT_ACTIVE_COMPILATION_CONDITIONS = DEBUG;
				SWIFT_OPTIMIZATION_LEVEL = "-Onone";
			};
			name = Debug;
		};
		13C0966A29CB1FAB0077198D /* Release */ = {
			isa = XCBuildConfiguration;
			buildSettings = {
				ALWAYS_SEARCH_USER_PATHS = NO;
				CLANG_ANALYZER_NONNULL = YES;
				CLANG_ANALYZER_NUMBER_OBJECT_CONVERSION = YES_AGGRESSIVE;
				CLANG_CXX_LANGUAGE_STANDARD = "gnu++20";
				CLANG_ENABLE_MODULES = YES;
				CLANG_ENABLE_OBJC_ARC = YES;
				CLANG_ENABLE_OBJC_WEAK = YES;
				CLANG_WARN_BLOCK_CAPTURE_AUTORELEASING = YES;
				CLANG_WARN_BOOL_CONVERSION = YES;
				CLANG_WARN_COMMA = YES;
				CLANG_WARN_CONSTANT_CONVERSION = YES;
				CLANG_WARN_DEPRECATED_OBJC_IMPLEMENTATIONS = YES;
				CLANG_WARN_DIRECT_OBJC_ISA_USAGE = YES_ERROR;
				CLANG_WARN_DOCUMENTATION_COMMENTS = YES;
				CLANG_WARN_EMPTY_BODY = YES;
				CLANG_WARN_ENUM_CONVERSION = YES;
				CLANG_WARN_INFINITE_RECURSION = YES;
				CLANG_WARN_INT_CONVERSION = YES;
				CLANG_WARN_NON_LITERAL_NULL_CONVERSION = YES;
				CLANG_WARN_OBJC_IMPLICIT_RETAIN_SELF = YES;
				CLANG_WARN_OBJC_LITERAL_CONVERSION = YES;
				CLANG_WARN_OBJC_ROOT_CLASS = YES_ERROR;
				CLANG_WARN_QUOTED_INCLUDE_IN_FRAMEWORK_HEADER = YES;
				CLANG_WARN_RANGE_LOOP_ANALYSIS = YES;
				CLANG_WARN_STRICT_PROTOTYPES = YES;
				CLANG_WARN_SUSPICIOUS_MOVE = YES;
				CLANG_WARN_UNGUARDED_AVAILABILITY = YES_AGGRESSIVE;
				CLANG_WARN_UNREACHABLE_CODE = YES;
				CLANG_WARN__DUPLICATE_METHOD_MATCH = YES;
				COPY_PHASE_STRIP = NO;
				DEBUG_INFORMATION_FORMAT = "dwarf-with-dsym";
				ENABLE_NS_ASSERTIONS = NO;
				ENABLE_STRICT_OBJC_MSGSEND = YES;
				GCC_C_LANGUAGE_STANDARD = gnu11;
				GCC_NO_COMMON_BLOCKS = YES;
				GCC_WARN_64_TO_32_BIT_CONVERSION = YES;
				GCC_WARN_ABOUT_RETURN_TYPE = YES_ERROR;
				GCC_WARN_UNDECLARED_SELECTOR = YES;
				GCC_WARN_UNINITIALIZED_AUTOS = YES_AGGRESSIVE;
				GCC_WARN_UNUSED_FUNCTION = YES;
				GCC_WARN_UNUSED_VARIABLE = YES;
				IPHONEOS_DEPLOYMENT_TARGET = 16.2;
				MTL_ENABLE_DEBUG_INFO = NO;
				MTL_FAST_MATH = YES;
				NEW_SETTING = "";
				SDKROOT = iphoneos;
				SWIFT_COMPILATION_MODE = wholemodule;
				SWIFT_OPTIMIZATION_LEVEL = "-O";
				VALIDATE_PRODUCT = YES;
			};
			name = Release;
		};
		13C0966C29CB1FAB0077198D /* Debug */ = {
			isa = XCBuildConfiguration;
			buildSettings = {
				ASSETCATALOG_COMPILER_APPICON_NAME = AppIcon;
				ASSETCATALOG_COMPILER_GLOBAL_ACCENT_COLOR_NAME = AccentColor;
				CODE_SIGN_STYLE = Automatic;
				CURRENT_PROJECT_VERSION = 1;
				DEVELOPMENT_ASSET_PATHS = "\"LachkarZakariaCards/Preview Content\"";
				DEVELOPMENT_TEAM = J6CR3N3ZH6;
				ENABLE_PREVIEWS = YES;
				GENERATE_INFOPLIST_FILE = YES;
				INFOPLIST_FILE = LachkarZakariaCards/Info.plist;
				INFOPLIST_KEY_UIApplicationSceneManifest_Generation = YES;
				INFOPLIST_KEY_UIApplicationSupportsIndirectInputEvents = YES;
				INFOPLIST_KEY_UILaunchScreen_Generation = YES;
				INFOPLIST_KEY_UISupportedInterfaceOrientations_iPad = "UIInterfaceOrientationPortrait UIInterfaceOrientationPortraitUpsideDown UIInterfaceOrientationLandscapeLeft UIInterfaceOrientationLandscapeRight";
				INFOPLIST_KEY_UISupportedInterfaceOrientations_iPhone = "UIInterfaceOrientationPortrait UIInterfaceOrientationLandscapeLeft UIInterfaceOrientationLandscapeRight";
				LD_RUNPATH_SEARCH_PATHS = (
					"$(inherited)",
					"@executable_path/Frameworks",
				);
				MARKETING_VERSION = 1.0;
				PRODUCT_BUNDLE_IDENTIFIER = LachkarZakaria.LachkarZakariaCards;
				PRODUCT_NAME = "$(TARGET_NAME)";
				SWIFT_EMIT_LOC_STRINGS = YES;
				SWIFT_VERSION = 5.0;
				TARGETED_DEVICE_FAMILY = "1,2";
			};
			name = Debug;
		};
		13C0966D29CB1FAB0077198D /* Release */ = {
			isa = XCBuildConfiguration;
			buildSettings = {
				ASSETCATALOG_COMPILER_APPICON_NAME = AppIcon;
				ASSETCATALOG_COMPILER_GLOBAL_ACCENT_COLOR_NAME = AccentColor;
				CODE_SIGN_STYLE = Automatic;
				CURRENT_PROJECT_VERSION = 1;
				DEVELOPMENT_ASSET_PATHS = "\"LachkarZakariaCards/Preview Content\"";
				DEVELOPMENT_TEAM = J6CR3N3ZH6;
				ENABLE_PREVIEWS = YES;
				GENERATE_INFOPLIST_FILE = YES;
				INFOPLIST_FILE = LachkarZakariaCards/Info.plist;
				INFOPLIST_KEY_UIApplicationSceneManifest_Generation = YES;
				INFOPLIST_KEY_UIApplicationSupportsIndirectInputEvents = YES;
				INFOPLIST_KEY_UILaunchScreen_Generation = YES;
				INFOPLIST_KEY_UISupportedInterfaceOrientations_iPad = "UIInterfaceOrientationPortrait UIInterfaceOrientationPortraitUpsideDown UIInterfaceOrientationLandscapeLeft UIInterfaceOrientationLandscapeRight";
				INFOPLIST_KEY_UISupportedInterfaceOrientations_iPhone = "UIInterfaceOrientationPortrait UIInterfaceOrientationLandscapeLeft UIInterfaceOrientationLandscapeRight";
				LD_RUNPATH_SEARCH_PATHS = (
					"$(inherited)",
					"@executable_path/Frameworks",
				);
				MARKETING_VERSION = 1.0;
				PRODUCT_BUNDLE_IDENTIFIER = LachkarZakaria.LachkarZakariaCards;
				PRODUCT_NAME = "$(TARGET_NAME)";
				SWIFT_EMIT_LOC_STRINGS = YES;
				SWIFT_VERSION = 5.0;
				TARGETED_DEVICE_FAMILY = "1,2";
			};
			name = Release;
		};
		13C0966F29CB1FAB0077198D /* Debug */ = {
			isa = XCBuildConfiguration;
			buildSettings = {
				ALWAYS_EMBED_SWIFT_STANDARD_LIBRARIES = YES;
				BUNDLE_LOADER = "$(TEST_HOST)";
				CODE_SIGN_STYLE = Automatic;
				CURRENT_PROJECT_VERSION = 1;
				DEVELOPMENT_TEAM = J6CR3N3ZH6;
				GENERATE_INFOPLIST_FILE = YES;
				IPHONEOS_DEPLOYMENT_TARGET = 16.2;
				MARKETING_VERSION = 1.0;
				PRODUCT_BUNDLE_IDENTIFIER = LachkarZakaria.LachkarZakariaCardsTests;
				PRODUCT_NAME = "$(TARGET_NAME)";
				SWIFT_EMIT_LOC_STRINGS = NO;
				SWIFT_VERSION = 5.0;
				TARGETED_DEVICE_FAMILY = "1,2";
				TEST_HOST = "$(BUILT_PRODUCTS_DIR)/LachkarZakariaCards.app/$(BUNDLE_EXECUTABLE_FOLDER_PATH)/LachkarZakariaCards";
			};
			name = Debug;
		};
		13C0967029CB1FAB0077198D /* Release */ = {
			isa = XCBuildConfiguration;
			buildSettings = {
				ALWAYS_EMBED_SWIFT_STANDARD_LIBRARIES = YES;
				BUNDLE_LOADER = "$(TEST_HOST)";
				CODE_SIGN_STYLE = Automatic;
				CURRENT_PROJECT_VERSION = 1;
				DEVELOPMENT_TEAM = J6CR3N3ZH6;
				GENERATE_INFOPLIST_FILE = YES;
				IPHONEOS_DEPLOYMENT_TARGET = 16.2;
				MARKETING_VERSION = 1.0;
				PRODUCT_BUNDLE_IDENTIFIER = LachkarZakaria.LachkarZakariaCardsTests;
				PRODUCT_NAME = "$(TARGET_NAME)";
				SWIFT_EMIT_LOC_STRINGS = NO;
				SWIFT_VERSION = 5.0;
				TARGETED_DEVICE_FAMILY = "1,2";
				TEST_HOST = "$(BUILT_PRODUCTS_DIR)/LachkarZakariaCards.app/$(BUNDLE_EXECUTABLE_FOLDER_PATH)/LachkarZakariaCards";
			};
			name = Release;
		};
		13C0967229CB1FAB0077198D /* Debug */ = {
			isa = XCBuildConfiguration;
			buildSettings = {
				ALWAYS_EMBED_SWIFT_STANDARD_LIBRARIES = YES;
				CODE_SIGN_STYLE = Automatic;
				CURRENT_PROJECT_VERSION = 1;
				DEVELOPMENT_TEAM = J6CR3N3ZH6;
				GENERATE_INFOPLIST_FILE = YES;
				MARKETING_VERSION = 1.0;
				PRODUCT_BUNDLE_IDENTIFIER = LachkarZakaria.LachkarZakariaCardsUITests;
				PRODUCT_NAME = "$(TARGET_NAME)";
				SWIFT_EMIT_LOC_STRINGS = NO;
				SWIFT_VERSION = 5.0;
				TARGETED_DEVICE_FAMILY = "1,2";
				TEST_TARGET_NAME = LachkarZakariaCards;
			};
			name = Debug;
		};
		13C0967329CB1FAB0077198D /* Release */ = {
			isa = XCBuildConfiguration;
			buildSettings = {
				ALWAYS_EMBED_SWIFT_STANDARD_LIBRARIES = YES;
				CODE_SIGN_STYLE = Automatic;
				CURRENT_PROJECT_VERSION = 1;
				DEVELOPMENT_TEAM = J6CR3N3ZH6;
				GENERATE_INFOPLIST_FILE = YES;
				MARKETING_VERSION = 1.0;
				PRODUCT_BUNDLE_IDENTIFIER = LachkarZakaria.LachkarZakariaCardsUITests;
				PRODUCT_NAME = "$(TARGET_NAME)";
				SWIFT_EMIT_LOC_STRINGS = NO;
				SWIFT_VERSION = 5.0;
				TARGETED_DEVICE_FAMILY = "1,2";
				TEST_TARGET_NAME = LachkarZakariaCards;
			};
			name = Release;
		};
/* End XCBuildConfiguration section */

/* Begin XCConfigurationList section */
		13C0964229CB1FA90077198D /* Build configuration list for PBXProject "LachkarZakariaCards" */ = {
			isa = XCConfigurationList;
			buildConfigurations = (
				13C0966929CB1FAB0077198D /* Debug */,
				13C0966A29CB1FAB0077198D /* Release */,
			);
			defaultConfigurationIsVisible = 0;
			defaultConfigurationName = Release;
		};
		13C0966B29CB1FAB0077198D /* Build configuration list for PBXNativeTarget "LachkarZakariaCards" */ = {
			isa = XCConfigurationList;
			buildConfigurations = (
				13C0966C29CB1FAB0077198D /* Debug */,
				13C0966D29CB1FAB0077198D /* Release */,
			);
			defaultConfigurationIsVisible = 0;
			defaultConfigurationName = Release;
		};
		13C0966E29CB1FAB0077198D /* Build configuration list for PBXNativeTarget "LachkarZakariaCardsTests" */ = {
			isa = XCConfigurationList;
			buildConfigurations = (
				13C0966F29CB1FAB0077198D /* Debug */,
				13C0967029CB1FAB0077198D /* Release */,
			);
			defaultConfigurationIsVisible = 0;
			defaultConfigurationName = Release;
		};
		13C0967129CB1FAB0077198D /* Build configuration list for PBXNativeTarget "LachkarZakariaCardsUITests" */ = {
			isa = XCConfigurationList;
			buildConfigurations = (
				13C0967229CB1FAB0077198D /* Debug */,
				13C0967329CB1FAB0077198D /* Release */,
			);
			defaultConfigurationIsVisible = 0;
			defaultConfigurationName = Release;
		};
/* End XCConfigurationList section */
	};
	rootObject = 13C0963F29CB1FA90077198D /* Project object */;
}
